# THIS IS AN AUTOGENERATED FILE. DO NOT EDIT THIS FILE DIRECTLY.
# yarn lockfile v1


csv-parse@^3.2.0:
  version "3.2.0"
  resolved "https://registry.yarnpkg.com/csv-parse/-/csv-parse-3.2.0.tgz#9043b5921e7ecd5e3110947df1ef00d290dbeca7"
  integrity sha512-1IBQ7PYHc5h6AXS4nyGsmicttbpUbNvlsgKxhvouh+kRaVug8xBWSiIeWdbPUQgjKG88hEGYjdU29fX73mo+6Q==

nats@^1.0.1:
  version "1.0.1"
  resolved "https://registry.yarnpkg.com/nats/-/nats-1.0.1.tgz#e1bd1561a20188f9aceb2d275127facbc762c292"
  integrity sha512-FpvmGwCNcKxujBAd+wUkiIx9IjsOETj224PositBx/KYqlQtICY9ZwBLIiMstndwuiSXm132VhN1HV+m+WSbtg==
  dependencies:
    nuid "^1.0.0"

nuid@^1.0.0:
  version "1.0.0"
  resolved "https://registry.yarnpkg.com/nuid/-/nuid-1.0.0.tgz#04ecc21be41cc321940a9089984382f3bdc61638"
  integrity sha512-046ukkoG8NXjiJMpQYLpGhYJIXJlClt2rDlnubCXN1/pztO/YTD2WkhyBZsEADsUwVtVMv5UmC0B2QrT5sZiDQ==
